
Microsoft Visual Studio Solution File, Format Version 12.00
# Visual Studio Version 16
VisualStudioVersion = 16.0.33130.400
MinimumVisualStudioVersion = 10.0.40219.1
Project("{FAE04EC0-301F-11D3-BF4B-00C04F79EFBC}") = "p1zzaitoshisae", "p1zzaitoshisae.csproj", "{43AFF5F3-71FF-4656-A1AC-E79D598331A9}"
EndProject
Global
	GlobalSection(SolutionConfigurationPlatforms) = preSolution
		Debug|Any CPU = Debug|Any CPU
		Release|Any CPU = Release|Any CPU
	EndGlobalSection
	GlobalSection(ProjectConfigurationPlatforms) = postSolution
		{43AFF5F3-71FF-4656-A1AC-E79D598331A9}.Debug|Any CPU.ActiveCfg = Debug|Any CPU
		{43AFF5F3-71FF-4656-A1AC-E79D598331A9}.Debug|Any CPU.Build.0 = Debug|Any CPU
		{43AFF5F3-71FF-4656-A1AC-E79D598331A9}.Release|Any CPU.ActiveCfg = Release|Any CPU
		{43AFF5F3-71FF-4656-A1AC-E79D598331A9}.Release|Any CPU.Build.0 = Release|Any CPU
	EndGlobalSection
	GlobalSection(SolutionProperties) = preSolution
		HideSolutionNode = FALSE
	EndGlobalSection
	GlobalSection(ExtensibilityGlobals) = postSolution
		SolutionGuid = {C7152E48-9385-478D-BED8-6EBDDAE20EA8}
	EndGlobalSection
EndGlobal
